{
  "name": "vue-task-project",
  "lockfileVersion": 3,
  "requires": true,
  "packages": {
    "": {
      "dependencies": {
        "typescript": "^5.5.2"
      },
      "devDependencies": {
        "@types/node": "^20.14.9",
        "@vue/runtime-core": "^3.4.31",
        "@vue/runtime-dom": "^3.4.31"
      }
    },
    "node_modules/@types/node": {
      "version": "20.14.9",
      "resolved": "https://registry.npmjs.org/@types/node/-/node-20.14.9.tgz",
      "integrity": "sha512-06OCtnTXtWOZBJlRApleWndH4JsRVs1pDCc8dLSQp+7PpUpX3ePdHyeNSFTeSe7FtKyQkrlPvHwJOW3SLd8Oyg==",
      "dev": true,
      "license": "MIT",
      "dependencies": {
        "undici-types": "~5.26.4"
      }
    },
    "node_modules/@vue/reactivity": {
      "version": "3.4.31",
      "resolved": "https://registry.npmjs.org/@vue/reactivity/-/reactivity-3.4.31.tgz",
      "integrity": "sha512-VGkTani8SOoVkZNds1PfJ/T1SlAIOf8E58PGAhIOUDYPC4GAmFA2u/E14TDAFcf3vVDKunc4QqCe/SHr8xC65Q==",
      "dev": true,
      "license": "MIT",
      "dependencies": {
        "@vue/shared": "3.4.31"
      }
    },
    "node_modules/@vue/runtime-core": {
      "version": "3.4.31",
      "resolved": "https://registry.npmjs.org/@vue/runtime-core/-/runtime-core-3.4.31.tgz",
      "integrity": "sha512-LDkztxeUPazxG/p8c5JDDKPfkCDBkkiNLVNf7XZIUnJ+66GVGkP+TIh34+8LtPisZ+HMWl2zqhIw0xN5MwU1cw==",
      "dev": true,
      "license": "MIT",
      "dependencies": {
        "@vue/reactivity": "3.4.31",
        "@vue/shared": "3.4.31"
      }
    },
    "node_modules/@vue/runtime-dom": {
      "version": "3.4.31",
      "resolved": "https://registry.npmjs.org/@vue/runtime-dom/-/runtime-dom-3.4.31.tgz",
      "integrity": "sha512-2Auws3mB7+lHhTFCg8E9ZWopA6Q6L455EcU7bzcQ4x6Dn4cCPuqj6S2oBZgN2a8vJRS/LSYYxwFFq2Hlx3Fsaw==",
      "dev": true,
      "license": "MIT",
      "dependencies": {
        "@vue/reactivity": "3.4.31",
        "@vue/runtime-core": "3.4.31",
        "@vue/shared": "3.4.31",
        "csstype": "^3.1.3"
      }
    },
    "node_modules/@vue/shared": {
      "version": "3.4.31",
      "resolved": "https://registry.npmjs.org/@vue/shared/-/shared-3.4.31.tgz",
      "integrity": "sha512-Yp3wtJk//8cO4NItOPpi3QkLExAr/aLBGZMmTtW9WpdwBCJpRM6zj9WgWktXAl8IDIozwNMByT45JP3tO3ACWA==",
      "dev": true,
      "license": "MIT"
    },
    "node_modules/csstype": {
      "version": "3.1.3",
      "resolved": "https://registry.npmjs.org/csstype/-/csstype-3.1.3.tgz",
      "integrity": "sha512-M1uQkMl8rQK/szD0LNhtqxIPLpimGm8sOBwU7lLnCpSbTyY3yeU1Vc7l4KT5zT4s/yOxHH5O7tIuuLOCnLADRw==",
      "dev": true,
      "license": "MIT"
    },
    "node_modules/typescript": {
      "version": "5.5.2",
      "resolved": "https://registry.npmjs.org/typescript/-/typescript-5.5.2.tgz",
      "integrity": "sha512-NcRtPEOsPFFWjobJEtfihkLCZCXZt/os3zf8nTxjVH3RvTSxjrCamJpbExGvYOF+tFHc3pA65qpdwPbzjohhew==",
      "license": "Apache-2.0",
      "bin": {
        "tsc": "bin/tsc",
        "tsserver": "bin/tsserver"
      },
      "engines": {
        "node": ">=14.17"
      }
    },
    "node_modules/undici-types": {
      "version": "5.26.5",
      "resolved": "https://registry.npmjs.org/undici-types/-/undici-types-5.26.5.tgz",
      "integrity": "sha512-JlCMO+ehdEIKqlFxk6IfVoAUVmgz7cU7zD/h9XZ0qzeosSHmUJVOzSQvvYSYWXkFXC+IfLKSIffhv0sVZup6pA==",
      "dev": true,
      "license": "MIT"
    }
  }
}
